
Microsoft Visual Studio Solution File, Format Version 12.00
# Visual Studio Version 16
VisualStudioVersion = 16.0.29209.62
MinimumVisualStudioVersion = 10.0.40219.1
Project("{FAE04EC0-301F-11D3-BF4B-00C04F79EFBC}") = "CardGame", "CardGame\CardGame.csproj", "{2B847AB3-D9D9-4F6B-AF9D-487C1F67FE9F}"
EndProject
Global
	GlobalSection(SolutionConfigurationPlatforms) = preSolution
		Debug|Any CPU = Debug|Any CPU
		Release|Any CPU = Release|Any CPU
	EndGlobalSection
	GlobalSection(ProjectConfigurationPlatforms) = postSolution
		{2B847AB3-D9D9-4F6B-AF9D-487C1F67FE9F}.Debug|Any CPU.ActiveCfg = Debug|Any CPU
		{2B847AB3-D9D9-4F6B-AF9D-487C1F67FE9F}.Debug|Any CPU.Build.0 = Debug|Any CPU
		{2B847AB3-D9D9-4F6B-AF9D-487C1F67FE9F}.Release|Any CPU.ActiveCfg = Release|Any CPU
		{2B847AB3-D9D9-4F6B-AF9D-487C1F67FE9F}.Release|Any CPU.Build.0 = Release|Any CPU
	EndGlobalSection
	GlobalSection(SolutionProperties) = preSolution
		HideSolutionNode = FALSE
	EndGlobalSection
	GlobalSection(ExtensibilityGlobals) = postSolution
		SolutionGuid = {A31FCB0A-2197-4CC1-BC22-9E53A0F552C2}
	EndGlobalSection
EndGlobal
